
Microsoft Visual Studio Solution File, Format Version 12.00
# Visual Studio Version 16
VisualStudioVersion = 16.0.35026.282
MinimumVisualStudioVersion = 10.0.40219.1
Project("{FAE04EC0-301F-11D3-BF4B-00C04F79EFBC}") = "project03", "project03\project03.csproj", "{0E39EF9A-810D-4150-887D-FDE5DB624FBE}"
EndProject
Global
	GlobalSection(SolutionConfigurationPlatforms) = preSolution
		Debug|Any CPU = Debug|Any CPU
		Release|Any CPU = Release|Any CPU
	EndGlobalSection
	GlobalSection(ProjectConfigurationPlatforms) = postSolution
		{0E39EF9A-810D-4150-887D-FDE5DB624FBE}.Debug|Any CPU.ActiveCfg = Debug|Any CPU
		{0E39EF9A-810D-4150-887D-FDE5DB624FBE}.Debug|Any CPU.Build.0 = Debug|Any CPU
		{0E39EF9A-810D-4150-887D-FDE5DB624FBE}.Release|Any CPU.ActiveCfg = Release|Any CPU
		{0E39EF9A-810D-4150-887D-FDE5DB624FBE}.Release|Any CPU.Build.0 = Release|Any CPU
	EndGlobalSection
	GlobalSection(SolutionProperties) = preSolution
		HideSolutionNode = FALSE
	EndGlobalSection
	GlobalSection(ExtensibilityGlobals) = postSolution
		SolutionGuid = {54E586E4-6C9C-4338-A281-AC68D6718B78}
	EndGlobalSection
EndGlobal
